// !$*UTF8*$!
{
	archiveVersion = 1;
	classes = {
	};
	objectVersion = 56;
	objects = {

/* Begin PBXBuildFile section */
		F44D1CA62B6180BB00539F98 /* userModel.swift in Sources */ = {isa = PBXBuildFile; fileRef = F44D1CA52B6180BB00539F98 /* userModel.swift */; };
		F44D1CA82B6181F900539F98 /* postModel.swift in Sources */ = {isa = PBXBuildFile; fileRef = F44D1CA72B6181F900539F98 /* postModel.swift */; };
		F4B3AEC02B614D6100021362 /* HamstargramApp.swift in Sources */ = {isa = PBXBuildFile; fileRef = F4B3AEBF2B614D6100021362 /* HamstargramApp.swift */; };
		F4B3AEC22B614D6100021362 /* ContentView.swift in Sources */ = {isa = PBXBuildFile; fileRef = F4B3AEC12B614D6100021362 /* ContentView.swift */; };
		F4B3AEC42B614D6200021362 /* Assets.xcassets in Resources */ = {isa = PBXBuildFile; fileRef = F4B3AEC32B614D6200021362 /* Assets.xcassets */; };
		F4B3AEC82B614D6200021362 /* Preview Assets.xcassets in Resources */ = {isa = PBXBuildFile; fileRef = F4B3AEC72B614D6200021362 /* Preview Assets.xcassets */; };
		F4B3AED22B614D6300021362 /* HamstargramTests.swift in Sources */ = {isa = PBXBuildFile; fileRef = F4B3AED12B614D6300021362 /* HamstargramTests.swift */; };
		F4B3AEDC2B614D6300021362 /* HamstargramUITests.swift in Sources */ = {isa = PBXBuildFile; fileRef = F4B3AEDB2B614D6300021362 /* HamstargramUITests.swift */; };
		F4B3AEDE2B614D6300021362 /* HamstargramUITestsLaunchTests.swift in Sources */ = {isa = PBXBuildFile; fileRef = F4B3AEDD2B614D6300021362 /* HamstargramUITestsLaunchTests.swift */; };
		F4B3AEED2B61500C00021362 /* UserData.swift in Sources */ = {isa = PBXBuildFile; fileRef = F4B3AEEC2B61500C00021362 /* UserData.swift */; };
		F4B3AEEF2B6150E800021362 /* PostData.swift in Sources */ = {isa = PBXBuildFile; fileRef = F4B3AEEE2B6150E800021362 /* PostData.swift */; };
		F4B3AEF12B6153F000021362 /* FeedData.swift in Sources */ = {isa = PBXBuildFile; fileRef = F4B3AEF02B6153F000021362 /* FeedData.swift */; };
		F4B3AEF42B61552800021362 /* FeedModel.swift in Sources */ = {isa = PBXBuildFile; fileRef = F4B3AEF32B61552800021362 /* FeedModel.swift */; };
		F4B3AEF92B615E8C00021362 /* Feedview.swift in Sources */ = {isa = PBXBuildFile; fileRef = F4B3AEF82B615E8C00021362 /* Feedview.swift */; };
/* End PBXBuildFile section */

/* Begin PBXContainerItemProxy section */
		F4B3AECE2B614D6300021362 /* PBXContainerItemProxy */ = {
			isa = PBXContainerItemProxy;
			containerPortal = F4B3AEB42B614D6100021362 /* Project object */;
			proxyType = 1;
			remoteGlobalIDString = F4B3AEBB2B614D6100021362;
			remoteInfo = Hamstargram;
		};
		F4B3AED82B614D6300021362 /* PBXContainerItemProxy */ = {
			isa = PBXContainerItemProxy;
			containerPortal = F4B3AEB42B614D6100021362 /* Project object */;
			proxyType = 1;
			remoteGlobalIDString = F4B3AEBB2B614D6100021362;
			remoteInfo = Hamstargram;
		};
/* End PBXContainerItemProxy section */

/* Begin PBXFileReference section */
		F44D1CA52B6180BB00539F98 /* userModel.swift */ = {isa = PBXFileReference; lastKnownFileType = sourcecode.swift; path = userModel.swift; sourceTree = "<group>"; };
		F44D1CA72B6181F900539F98 /* postModel.swift */ = {isa = PBXFileReference; lastKnownFileType = sourcecode.swift; path = postModel.swift; sourceTree = "<group>"; };
		F4B3AEBC2B614D6100021362 /* Hamstargram.app */ = {isa = PBXFileReference; explicitFileType = wrapper.application; includeInIndex = 0; path = Hamstargram.app; sourceTree = BUILT_PRODUCTS_DIR; };
		F4B3AEBF2B614D6100021362 /* HamstargramApp.swift */ = {isa = PBXFileReference; lastKnownFileType = sourcecode.swift; path = HamstargramApp.swift; sourceTree = "<group>"; };
		F4B3AEC12B614D6100021362 /* ContentView.swift */ = {isa = PBXFileReference; lastKnownFileType = sourcecode.swift; path = ContentView.swift; sourceTree = "<group>"; };
		F4B3AEC32B614D6200021362 /* Assets.xcassets */ = {isa = PBXFileReference; lastKnownFileType = folder.assetcatalog; path = Assets.xcassets; sourceTree = "<group>"; };
		F4B3AEC52B614D6200021362 /* Hamstargram.entitlements */ = {isa = PBXFileReference; lastKnownFileType = text.plist.entitlements; path = Hamstargram.entitlements; sourceTree = "<group>"; };
		F4B3AEC72B614D6200021362 /* Preview Assets.xcassets */ = {isa = PBXFileReference; lastKnownFileType = folder.assetcatalog; path = "Preview Assets.xcassets"; sourceTree = "<group>"; };
		F4B3AECD2B614D6300021362 /* HamstargramTests.xctest */ = {isa = PBXFileReference; explicitFileType = wrapper.cfbundle; includeInIndex = 0; path = HamstargramTests.xctest; sourceTree = BUILT_PRODUCTS_DIR; };
		F4B3AED12B614D6300021362 /* HamstargramTests.swift */ = {isa = PBXFileReference; lastKnownFileType = sourcecode.swift; path = HamstargramTests.swift; sourceTree = "<group>"; };
		F4B3AED72B614D6300021362 /* HamstargramUITests.xctest */ = {isa = PBXFileReference; explicitFileType = wrapper.cfbundle; includeInIndex = 0; path = HamstargramUITests.xctest; sourceTree = BUILT_PRODUCTS_DIR; };
		F4B3AEDB2B614D6300021362 /* HamstargramUITests.swift */ = {isa = PBXFileReference; lastKnownFileType = sourcecode.swift; path = HamstargramUITests.swift; sourceTree = "<group>"; };
		F4B3AEDD2B614D6300021362 /* HamstargramUITestsLaunchTests.swift */ = {isa = PBXFileReference; lastKnownFileType = sourcecode.swift; path = HamstargramUITestsLaunchTests.swift; sourceTree = "<group>"; };
		F4B3AEEC2B61500C00021362 /* UserData.swift */ = {isa = PBXFileReference; lastKnownFileType = sourcecode.swift; path = UserData.swift; sourceTree = "<group>"; };
		F4B3AEEE2B6150E800021362 /* PostData.swift */ = {isa = PBXFileReference; lastKnownFileType = sourcecode.swift; path = PostData.swift; sourceTree = "<group>"; };
		F4B3AEF02B6153F000021362 /* FeedData.swift */ = {isa = PBXFileReference; lastKnownFileType = sourcecode.swift; path = FeedData.swift; sourceTree = "<group>"; };
		F4B3AEF32B61552800021362 /* FeedModel.swift */ = {isa = PBXFileReference; lastKnownFileType = sourcecode.swift; path = FeedModel.swift; sourceTree = "<group>"; };
		F4B3AEF82B615E8C00021362 /* Feedview.swift */ = {isa = PBXFileReference; lastKnownFileType = sourcecode.swift; path = Feedview.swift; sourceTree = "<group>"; };
/* End PBXFileReference section */

/* Begin PBXFrameworksBuildPhase section */
		F4B3AEB92B614D6100021362 /* Frameworks */ = {
			isa = PBXFrameworksBuildPhase;
			buildActionMask = 2147483647;
			files = (
			);
			runOnlyForDeploymentPostprocessing = 0;
		};
		F4B3AECA2B614D6300021362 /* Frameworks */ = {
			isa = PBXFrameworksBuildPhase;
			buildActionMask = 2147483647;
			files = (
			);
			runOnlyForDeploymentPostprocessing = 0;
		};
		F4B3AED42B614D6300021362 /* Frameworks */ = {
			isa = PBXFrameworksBuildPhase;
			buildActionMask = 2147483647;
			files = (
			);
			runOnlyForDeploymentPostprocessing = 0;
		};
/* End PBXFrameworksBuildPhase section */

/* Begin PBXGroup section */
		F4B3AEB32B614D6100021362 = {
			isa = PBXGroup;
			children = (
				F4B3AEBE2B614D6100021362 /* Hamstargram */,
				F4B3AED02B614D6300021362 /* HamstargramTests */,
				F4B3AEDA2B614D6300021362 /* HamstargramUITests */,
				F4B3AEBD2B614D6100021362 /* Products */,
			);
			sourceTree = "<group>";
		};
		F4B3AEBD2B614D6100021362 /* Products */ = {
			isa = PBXGroup;
			children = (
				F4B3AEBC2B614D6100021362 /* Hamstargram.app */,
				F4B3AECD2B614D6300021362 /* HamstargramTests.xctest */,
				F4B3AED72B614D6300021362 /* HamstargramUITests.xctest */,
			);
			name = Products;
			sourceTree = "<group>";
		};
		F4B3AEBE2B614D6100021362 /* Hamstargram */ = {
			isa = PBXGroup;
			children = (
				F4B3AEF52B615D1000021362 /* views  */,
				F4B3AEF22B61550900021362 /* modles */,
				F4B3AEEB2B614FC100021362 /* Data */,
				F4B3AEBF2B614D6100021362 /* HamstargramApp.swift */,
				F4B3AEC12B614D6100021362 /* ContentView.swift */,
				F4B3AEC32B614D6200021362 /* Assets.xcassets */,
				F4B3AEC52B614D6200021362 /* Hamstargram.entitlements */,
				F4B3AEC62B614D6200021362 /* Preview Content */,
			);
			path = Hamstargram;
			sourceTree = "<group>";
		};
		F4B3AEC62B614D6200021362 /* Preview Content */ = {
			isa = PBXGroup;
			children = (
				F4B3AEC72B614D6200021362 /* Preview Assets.xcassets */,
			);
			path = "Preview Content";
			sourceTree = "<group>";
		};
		F4B3AED02B614D6300021362 /* HamstargramTests */ = {
			isa = PBXGroup;
			children = (
				F4B3AED12B614D6300021362 /* HamstargramTests.swift */,
			);
			path = HamstargramTests;
			sourceTree = "<group>";
		};
		F4B3AEDA2B614D6300021362 /* HamstargramUITests */ = {
			isa = PBXGroup;
			children = (
				F4B3AEDB2B614D6300021362 /* HamstargramUITests.swift */,
				F4B3AEDD2B614D6300021362 /* HamstargramUITestsLaunchTests.swift */,
			);
			path = HamstargramUITests;
			sourceTree = "<group>";
		};
		F4B3AEEB2B614FC100021362 /* Data */ = {
			isa = PBXGroup;
			children = (
				F4B3AEEC2B61500C00021362 /* UserData.swift */,
				F4B3AEEE2B6150E800021362 /* PostData.swift */,
				F4B3AEF02B6153F000021362 /* FeedData.swift */,
			);
			path = Data;
			sourceTree = "<group>";
		};
		F4B3AEF22B61550900021362 /* modles */ = {
			isa = PBXGroup;
			children = (
				F4B3AEF32B61552800021362 /* FeedModel.swift */,
				F44D1CA52B6180BB00539F98 /* userModel.swift */,
				F44D1CA72B6181F900539F98 /* postModel.swift */,
			);
			path = modles;
			sourceTree = "<group>";
		};
		F4B3AEF52B615D1000021362 /* views  */ = {
			isa = PBXGroup;
			children = (
				F4B3AEF82B615E8C00021362 /* Feedview.swift */,
			);
			path = "views ";
			sourceTree = "<group>";
		};
/* End PBXGroup section */

/* Begin PBXNativeTarget section */
		F4B3AEBB2B614D6100021362 /* Hamstargram */ = {
			isa = PBXNativeTarget;
			buildConfigurationList = F4B3AEE12B614D6300021362 /* Build configuration list for PBXNativeTarget "Hamstargram" */;
			buildPhases = (
				F4B3AEB82B614D6100021362 /* Sources */,
				F4B3AEB92B614D6100021362 /* Frameworks */,
				F4B3AEBA2B614D6100021362 /* Resources */,
			);
			buildRules = (
			);
			dependencies = (
			);
			name = Hamstargram;
			productName = Hamstargram;
			productReference = F4B3AEBC2B614D6100021362 /* Hamstargram.app */;
			productType = "com.apple.product-type.application";
		};
		F4B3AECC2B614D6300021362 /* HamstargramTests */ = {
			isa = PBXNativeTarget;
			buildConfigurationList = F4B3AEE42B614D6300021362 /* Build configuration list for PBXNativeTarget "HamstargramTests" */;
			buildPhases = (
				F4B3AEC92B614D6300021362 /* Sources */,
				F4B3AECA2B614D6300021362 /* Frameworks */,
				F4B3AECB2B614D6300021362 /* Resources */,
			);
			buildRules = (
			);
			dependencies = (
				F4B3AECF2B614D6300021362 /* PBXTargetDependency */,
			);
			name = HamstargramTests;
			productName = HamstargramTests;
			productReference = F4B3AECD2B614D6300021362 /* HamstargramTests.xctest */;
			productType = "com.apple.product-type.bundle.unit-test";
		};
		F4B3AED62B614D6300021362 /* HamstargramUITests */ = {
			isa = PBXNativeTarget;
			buildConfigurationList = F4B3AEE72B614D6300021362 /* Build configuration list for PBXNativeTarget "HamstargramUITests" */;
			buildPhases = (
				F4B3AED32B614D6300021362 /* Sources */,
				F4B3AED42B614D6300021362 /* Frameworks */,
				F4B3AED52B614D6300021362 /* Resources */,
			);
			buildRules = (
			);
			dependencies = (
				F4B3AED92B614D6300021362 /* PBXTargetDependency */,
			);
			name = HamstargramUITests;
			productName = HamstargramUITests;
			productReference = F4B3AED72B614D6300021362 /* HamstargramUITests.xctest */;
			productType = "com.apple.product-type.bundle.ui-testing";
		};
/* End PBXNativeTarget section */

/* Begin PBXProject section */
		F4B3AEB42B614D6100021362 /* Project object */ = {
			isa = PBXProject;
			attributes = {
				BuildIndependentTargetsInParallel = 1;
				LastSwiftUpdateCheck = 1520;
				LastUpgradeCheck = 1520;
				TargetAttributes = {
					F4B3AEBB2B614D6100021362 = {
						CreatedOnToolsVersion = 15.2;
					};
					F4B3AECC2B614D6300021362 = {
						CreatedOnToolsVersion = 15.2;
						TestTargetID = F4B3AEBB2B614D6100021362;
					};
					F4B3AED62B614D6300021362 = {
						CreatedOnToolsVersion = 15.2;
						TestTargetID = F4B3AEBB2B614D6100021362;
					};
				};
			};
			buildConfigurationList = F4B3AEB72B614D6100021362 /* Build configuration list for PBXProject "ahgram" */;
			compatibilityVersion = "Xcode 14.0";
			developmentRegion = en;
			hasScannedForEncodings = 0;
			knownRegions = (
				en,
				Base,
			);
			mainGroup = F4B3AEB32B614D6100021362;
			productRefGroup = F4B3AEBD2B614D6100021362 /* Products */;
			projectDirPath = "";
			projectRoot = "";
			targets = (
				F4B3AEBB2B614D6100021362 /* Hamstargram */,
				F4B3AECC2B614D6300021362 /* HamstargramTests */,
				F4B3AED62B614D6300021362 /* HamstargramUITests */,
			);
		};
/* End PBXProject section */

/* Begin PBXResourcesBuildPhase section */
		F4B3AEBA2B614D6100021362 /* Resources */ = {
			isa = PBXResourcesBuildPhase;
			buildActionMask = 2147483647;
			files = (
				F4B3AEC82B614D6200021362 /* Preview Assets.xcassets in Resources */,
				F4B3AEC42B614D6200021362 /* Assets.xcassets in Resources */,
			);
			runOnlyForDeploymentPostprocessing = 0;
		};
		F4B3AECB2B614D6300021362 /* Resources */ = {
			isa = PBXResourcesBuildPhase;
			buildActionMask = 2147483647;
			files = (
			);
			runOnlyForDeploymentPostprocessing = 0;
		};
		F4B3AED52B614D6300021362 /* Resources */ = {
			isa = PBXResourcesBuildPhase;
			buildActionMask = 2147483647;
			files = (
			);
			runOnlyForDeploymentPostprocessing = 0;
		};
/* End PBXResourcesBuildPhase section */

/* Begin PBXSourcesBuildPhase section */
		F4B3AEB82B614D6100021362 /* Sources */ = {
			isa = PBXSourcesBuildPhase;
			buildActionMask = 2147483647;
			files = (
				F4B3AEED2B61500C00021362 /* UserData.swift in Sources */,
				F4B3AEF92B615E8C00021362 /* Feedview.swift in Sources */,
				F44D1CA62B6180BB00539F98 /* userModel.swift in Sources */,
				F4B3AEF42B61552800021362 /* FeedModel.swift in Sources */,
				F44D1CA82B6181F900539F98 /* postModel.swift in Sources */,
				F4B3AEF12B6153F000021362 /* FeedData.swift in Sources */,
				F4B3AEEF2B6150E800021362 /* PostData.swift in Sources */,
				F4B3AEC22B614D6100021362 /* ContentView.swift in Sources */,
				F4B3AEC02B614D6100021362 /* HamstargramApp.swift in Sources */,
			);
			runOnlyForDeploymentPostprocessing = 0;
		};
		F4B3AEC92B614D6300021362 /* Sources */ = {
			isa = PBXSourcesBuildPhase;
			buildActionMask = 2147483647;
			files = (
				F4B3AED22B614D6300021362 /* HamstargramTests.swift in Sources */,
			);
			runOnlyForDeploymentPostprocessing = 0;
		};
		F4B3AED32B614D6300021362 /* Sources */ = {
			isa = PBXSourcesBuildPhase;
			buildActionMask = 2147483647;
			files = (
				F4B3AEDE2B614D6300021362 /* HamstargramUITestsLaunchTests.swift in Sources */,
				F4B3AEDC2B614D6300021362 /* HamstargramUITests.swift in Sources */,
			);
			runOnlyForDeploymentPostprocessing = 0;
		};
/* End PBXSourcesBuildPhase section */

/* Begin PBXTargetDependency section */
		F4B3AECF2B614D6300021362 /* PBXTargetDependency */ = {
			isa = PBXTargetDependency;
			target = F4B3AEBB2B614D6100021362 /* Hamstargram */;
			targetProxy = F4B3AECE2B614D6300021362 /* PBXContainerItemProxy */;
		};
		F4B3AED92B614D6300021362 /* PBXTargetDependency */ = {
			isa = PBXTargetDependency;
			target = F4B3AEBB2B614D6100021362 /* Hamstargram */;
			targetProxy = F4B3AED82B614D6300021362 /* PBXContainerItemProxy */;
		};
/* End PBXTargetDependency section */

/* Begin XCBuildConfiguration section */
		F4B3AEDF2B614D6300021362 /* Debug */ = {
			isa = XCBuildConfiguration;
			buildSettings = {
				ALWAYS_SEARCH_USER_PATHS = NO;
				ASSETCATALOG_COMPILER_GENERATE_SWIFT_ASSET_SYMBOL_EXTENSIONS = YES;
				CLANG_ANALYZER_NONNULL = YES;
				CLANG_ANALYZER_NUMBER_OBJECT_CONVERSION = YES_AGGRESSIVE;
				CLANG_CXX_LANGUAGE_STANDARD = "gnu++20";
				CLANG_ENABLE_MODULES = YES;
				CLANG_ENABLE_OBJC_ARC = YES;
				CLANG_ENABLE_OBJC_WEAK = YES;
				CLANG_WARN_BLOCK_CAPTURE_AUTORELEASING = YES;
				CLANG_WARN_BOOL_CONVERSION = YES;
				CLANG_WARN_COMMA = YES;
				CLANG_WARN_CONSTANT_CONVERSION = YES;
				CLANG_WARN_DEPRECATED_OBJC_IMPLEMENTATIONS = YES;
				CLANG_WARN_DIRECT_OBJC_ISA_USAGE = YES_ERROR;
				CLANG_WARN_DOCUMENTATION_COMMENTS = YES;
				CLANG_WARN_EMPTY_BODY = YES;
				CLANG_WARN_ENUM_CONVERSION = YES;
				CLANG_WARN_INFINITE_RECURSION = YES;
				CLANG_WARN_INT_CONVERSION = YES;
				CLANG_WARN_NON_LITERAL_NULL_CONVERSION = YES;
				CLANG_WARN_OBJC_IMPLICIT_RETAIN_SELF = YES;
				CLANG_WARN_OBJC_LITERAL_CONVERSION = YES;
				CLANG_WARN_OBJC_ROOT_CLASS = YES_ERROR;
				CLANG_WARN_QUOTED_INCLUDE_IN_FRAMEWORK_HEADER = YES;
				CLANG_WARN_RANGE_LOOP_ANALYSIS = YES;
				CLANG_WARN_STRICT_PROTOTYPES = YES;
				CLANG_WARN_SUSPICIOUS_MOVE = YES;
				CLANG_WARN_UNGUARDED_AVAILABILITY = YES_AGGRESSIVE;
				CLANG_WARN_UNREACHABLE_CODE = YES;
				CLANG_WARN__DUPLICATE_METHOD_MATCH = YES;
				COPY_PHASE_STRIP = NO;
				DEBUG_INFORMATION_FORMAT = dwarf;
				ENABLE_STRICT_OBJC_MSGSEND = YES;
				ENABLE_TESTABILITY = YES;
				ENABLE_USER_SCRIPT_SANDBOXING = YES;
				GCC_C_LANGUAGE_STANDARD = gnu17;
				GCC_DYNAMIC_NO_PIC = NO;
				GCC_NO_COMMON_BLOCKS = YES;
				GCC_OPTIMIZATION_LEVEL = 0;
				GCC_PREPROCESSOR_DEFINITIONS = (
					"DEBUG=1",
					"$(inherited)",
				);
				GCC_WARN_64_TO_32_BIT_CONVERSION = YES;
				GCC_WARN_ABOUT_RETURN_TYPE = YES_ERROR;
				GCC_WARN_UNDECLARED_SELECTOR = YES;
				GCC_WARN_UNINITIALIZED_AUTOS = YES_AGGRESSIVE;
				GCC_WARN_UNUSED_FUNCTION = YES;
				GCC_WARN_UNUSED_VARIABLE = YES;
				LOCALIZATION_PREFERS_STRING_CATALOGS = YES;
				MTL_ENABLE_DEBUG_INFO = INCLUDE_SOURCE;
				MTL_FAST_MATH = YES;
				ONLY_ACTIVE_ARCH = YES;
				SWIFT_ACTIVE_COMPILATION_CONDITIONS = "DEBUG $(inherited)";
				SWIFT_OPTIMIZATION_LEVEL = "-Onone";
			};
			name = Debug;
		};
		F4B3AEE02B614D6300021362 /* Release */ = {
			isa = XCBuildConfiguration;
			buildSettings = {
				ALWAYS_SEARCH_USER_PATHS = NO;
				ASSETCATALOG_COMPILER_GENERATE_SWIFT_ASSET_SYMBOL_EXTENSIONS = YES;
				CLANG_ANALYZER_NONNULL = YES;
				CLANG_ANALYZER_NUMBER_OBJECT_CONVERSION = YES_AGGRESSIVE;
				CLANG_CXX_LANGUAGE_STANDARD = "gnu++20";
				CLANG_ENABLE_MODULES = YES;
				CLANG_ENABLE_OBJC_ARC = YES;
				CLANG_ENABLE_OBJC_WEAK = YES;
				CLANG_WARN_BLOCK_CAPTURE_AUTORELEASING = YES;
				CLANG_WARN_BOOL_CONVERSION = YES;
				CLANG_WARN_COMMA = YES;
				CLANG_WARN_CONSTANT_CONVERSION = YES;
				CLANG_WARN_DEPRECATED_OBJC_IMPLEMENTATIONS = YES;
				CLANG_WARN_DIRECT_OBJC_ISA_USAGE = YES_ERROR;
				CLANG_WARN_DOCUMENTATION_COMMENTS = YES;
				CLANG_WARN_EMPTY_BODY = YES;
				CLANG_WARN_ENUM_CONVERSION = YES;
				CLANG_WARN_INFINITE_RECURSION = YES;
				CLANG_WARN_INT_CONVERSION = YES;
				CLANG_WARN_NON_LITERAL_NULL_CONVERSION = YES;
				CLANG_WARN_OBJC_IMPLICIT_RETAIN_SELF = YES;
				CLANG_WARN_OBJC_LITERAL_CONVERSION = YES;
				CLANG_WARN_OBJC_ROOT_CLASS = YES_ERROR;
				CLANG_WARN_QUOTED_INCLUDE_IN_FRAMEWORK_HEADER = YES;
				CLANG_WARN_RANGE_LOOP_ANALYSIS = YES;
				CLANG_WARN_STRICT_PROTOTYPES = YES;
				CLANG_WARN_SUSPICIOUS_MOVE = YES;
				CLANG_WARN_UNGUARDED_AVAILABILITY = YES_AGGRESSIVE;
				CLANG_WARN_UNREACHABLE_CODE = YES;
				CLANG_WARN__DUPLICATE_METHOD_MATCH = YES;
				COPY_PHASE_STRIP = NO;
				DEBUG_INFORMATION_FORMAT = "dwarf-with-dsym";
				ENABLE_NS_ASSERTIONS = NO;
				ENABLE_STRICT_OBJC_MSGSEND = YES;
				ENABLE_USER_SCRIPT_SANDBOXING = YES;
				GCC_C_LANGUAGE_STANDARD = gnu17;
				GCC_NO_COMMON_BLOCKS = YES;
				GCC_WARN_64_TO_32_BIT_CONVERSION = YES;
				GCC_WARN_ABOUT_RETURN_TYPE = YES_ERROR;
				GCC_WARN_UNDECLARED_SELECTOR = YES;
				GCC_WARN_UNINITIALIZED_AUTOS = YES_AGGRESSIVE;
				GCC_WARN_UNUSED_FUNCTION = YES;
				GCC_WARN_UNUSED_VARIABLE = YES;
				LOCALIZATION_PREFERS_STRING_CATALOGS = YES;
				MTL_ENABLE_DEBUG_INFO = NO;
				MTL_FAST_MATH = YES;
				SWIFT_COMPILATION_MODE = wholemodule;
			};
			name = Release;
		};
		F4B3AEE22B614D6300021362 /* Debug */ = {
			isa = XCBuildConfiguration;
			buildSettings = {
				ASSETCATALOG_COMPILER_APPICON_NAME = AppIcon;
				ASSETCATALOG_COMPILER_GLOBAL_ACCENT_COLOR_NAME = AccentColor;
				CODE_SIGN_ENTITLEMENTS = Hamstargram/Hamstargram.entitlements;
				CODE_SIGN_STYLE = Automatic;
				CURRENT_PROJECT_VERSION = 1;
				DEVELOPMENT_ASSET_PATHS = "\"Hamstargram/Preview Content\"";
				ENABLE_PREVIEWS = YES;
				GENERATE_INFOPLIST_FILE = YES;
				"INFOPLIST_KEY_UIApplicationSceneManifest_Generation[sdk=iphoneos*]" = YES;
				"INFOPLIST_KEY_UIApplicationSceneManifest_Generation[sdk=iphonesimulator*]" = YES;
				"INFOPLIST_KEY_UIApplicationSupportsIndirectInputEvents[sdk=iphoneos*]" = YES;
				"INFOPLIST_KEY_UIApplicationSupportsIndirectInputEvents[sdk=iphonesimulator*]" = YES;
				"INFOPLIST_KEY_UILaunchScreen_Generation[sdk=iphoneos*]" = YES;
				"INFOPLIST_KEY_UILaunchScreen_Generation[sdk=iphonesimulator*]" = YES;
				"INFOPLIST_KEY_UIStatusBarStyle[sdk=iphoneos*]" = UIStatusBarStyleDefault;
				"INFOPLIST_KEY_UIStatusBarStyle[sdk=iphonesimulator*]" = UIStatusBarStyleDefault;
				INFOPLIST_KEY_UISupportedInterfaceOrientations_iPad = "UIInterfaceOrientationPortrait UIInterfaceOrientationPortraitUpsideDown UIInterfaceOrientationLandscapeLeft UIInterfaceOrientationLandscapeRight";
				INFOPLIST_KEY_UISupportedInterfaceOrientations_iPhone = "UIInterfaceOrientationPortrait UIInterfaceOrientationLandscapeLeft UIInterfaceOrientationLandscapeRight";
				IPHONEOS_DEPLOYMENT_TARGET = 17.2;
				LD_RUNPATH_SEARCH_PATHS = "@executable_path/Frameworks";
				"LD_RUNPATH_SEARCH_PATHS[sdk=macosx*]" = "@executable_path/../Frameworks";
				MACOSX_DEPLOYMENT_TARGET = 14.2;
				MARKETING_VERSION = 1.0;
				PRODUCT_BUNDLE_IDENTIFIER = xxx.demo.Hamstargram;
				PRODUCT_NAME = "$(TARGET_NAME)";
				SDKROOT = auto;
				SUPPORTED_PLATFORMS = "iphoneos iphonesimulator macosx";
				SWIFT_EMIT_LOC_STRINGS = YES;
				SWIFT_VERSION = 5.0;
				TARGETED_DEVICE_FAMILY = "1,2";
			};
			name = Debug;
		};
		F4B3AEE32B614D6300021362 /* Release */ = {
			isa = XCBuildConfiguration;
			buildSettings = {
				ASSETCATALOG_COMPILER_APPICON_NAME = AppIcon;
				ASSETCATALOG_COMPILER_GLOBAL_ACCENT_COLOR_NAME = AccentColor;
				CODE_SIGN_ENTITLEMENTS = Hamstargram/Hamstargram.entitlements;
				CODE_SIGN_STYLE = Automatic;
				CURRENT_PROJECT_VERSION = 1;
				DEVELOPMENT_ASSET_PATHS = "\"Hamstargram/Preview Content\"";
				ENABLE_PREVIEWS = YES;
				GENERATE_INFOPLIST_FILE = YES;
				"INFOPLIST_KEY_UIApplicationSceneManifest_Generation[sdk=iphoneos*]" = YES;
				"INFOPLIST_KEY_UIApplicationSceneManifest_Generation[sdk=iphonesimulator*]" = YES;
				"INFOPLIST_KEY_UIApplicationSupportsIndirectInputEvents[sdk=iphoneos*]" = YES;
				"INFOPLIST_KEY_UIApplicationSupportsIndirectInputEvents[sdk=iphonesimulator*]" = YES;
				"INFOPLIST_KEY_UILaunchScreen_Generation[sdk=iphoneos*]" = YES;
				"INFOPLIST_KEY_UILaunchScreen_Generation[sdk=iphonesimulator*]" = YES;
				"INFOPLIST_KEY_UIStatusBarStyle[sdk=iphoneos*]" = UIStatusBarStyleDefault;
				"INFOPLIST_KEY_UIStatusBarStyle[sdk=iphonesimulator*]" = UIStatusBarStyleDefault;
				INFOPLIST_KEY_UISupportedInterfaceOrientations_iPad = "UIInterfaceOrientationPortrait UIInterfaceOrientationPortraitUpsideDown UIInterfaceOrientationLandscapeLeft UIInterfaceOrientationLandscapeRight";
				INFOPLIST_KEY_UISupportedInterfaceOrientations_iPhone = "UIInterfaceOrientationPortrait UIInterfaceOrientationLandscapeLeft UIInterfaceOrientationLandscapeRight";
				IPHONEOS_DEPLOYMENT_TARGET = 17.2;
				LD_RUNPATH_SEARCH_PATHS = "@executable_path/Frameworks";
				"LD_RUNPATH_SEARCH_PATHS[sdk=macosx*]" = "@executable_path/../Frameworks";
				MACOSX_DEPLOYMENT_TARGET = 14.2;
				MARKETING_VERSION = 1.0;
				PRODUCT_BUNDLE_IDENTIFIER = xxx.demo.Hamstargram;
				PRODUCT_NAME = "$(TARGET_NAME)";
				SDKROOT = auto;
				SUPPORTED_PLATFORMS = "iphoneos iphonesimulator macosx";
				SWIFT_EMIT_LOC_STRINGS = YES;
				SWIFT_VERSION = 5.0;
				TARGETED_DEVICE_FAMILY = "1,2";
			};
			name = Release;
		};
		F4B3AEE52B614D6300021362 /* Debug */ = {
			isa = XCBuildConfiguration;
			buildSettings = {
				ALWAYS_EMBED_SWIFT_STANDARD_LIBRARIES = YES;
				BUNDLE_LOADER = "$(TEST_HOST)";
				CODE_SIGN_STYLE = Automatic;
				CURRENT_PROJECT_VERSION = 1;
				GENERATE_INFOPLIST_FILE = YES;
				IPHONEOS_DEPLOYMENT_TARGET = 17.2;
				MACOSX_DEPLOYMENT_TARGET = 14.2;
				MARKETING_VERSION = 1.0;
				PRODUCT_BUNDLE_IDENTIFIER = xxx.demo.HamstargramTests;
				PRODUCT_NAME = "$(TARGET_NAME)";
				SDKROOT = auto;
				SUPPORTED_PLATFORMS = "iphoneos iphonesimulator macosx";
				SWIFT_EMIT_LOC_STRINGS = NO;
				SWIFT_VERSION = 5.0;
				TARGETED_DEVICE_FAMILY = "1,2";
				TEST_HOST = "$(BUILT_PRODUCTS_DIR)/Hamstargram.app/$(BUNDLE_EXECUTABLE_FOLDER_PATH)/Hamstargram";
			};
			name = Debug;
		};
		F4B3AEE62B614D6300021362 /* Release */ = {
			isa = XCBuildConfiguration;
			buildSettings = {
				ALWAYS_EMBED_SWIFT_STANDARD_LIBRARIES = YES;
				BUNDLE_LOADER = "$(TEST_HOST)";
				CODE_SIGN_STYLE = Automatic;
				CURRENT_PROJECT_VERSION = 1;
				GENERATE_INFOPLIST_FILE = YES;
				IPHONEOS_DEPLOYMENT_TARGET = 17.2;
				MACOSX_DEPLOYMENT_TARGET = 14.2;
				MARKETING_VERSION = 1.0;
				PRODUCT_BUNDLE_IDENTIFIER = xxx.demo.HamstargramTests;
				PRODUCT_NAME = "$(TARGET_NAME)";
				SDKROOT = auto;
				SUPPORTED_PLATFORMS = "iphoneos iphonesimulator macosx";
				SWIFT_EMIT_LOC_STRINGS = NO;
				SWIFT_VERSION = 5.0;
				TARGETED_DEVICE_FAMILY = "1,2";
				TEST_HOST = "$(BUILT_PRODUCTS_DIR)/Hamstargram.app/$(BUNDLE_EXECUTABLE_FOLDER_PATH)/Hamstargram";
			};
			name = Release;
		};
		F4B3AEE82B614D6300021362 /* Debug */ = {
			isa = XCBuildConfiguration;
			buildSettings = {
				ALWAYS_EMBED_SWIFT_STANDARD_LIBRARIES = YES;
				CODE_SIGN_STYLE = Automatic;
				CURRENT_PROJECT_VERSION = 1;
				GENERATE_INFOPLIST_FILE = YES;
				IPHONEOS_DEPLOYMENT_TARGET = 17.2;
				MACOSX_DEPLOYMENT_TARGET = 14.2;
				MARKETING_VERSION = 1.0;
				PRODUCT_BUNDLE_IDENTIFIER = xxx.demo.HamstargramUITests;
				PRODUCT_NAME = "$(TARGET_NAME)";
				SDKROOT = auto;
				SUPPORTED_PLATFORMS = "iphoneos iphonesimulator macosx";
				SWIFT_EMIT_LOC_STRINGS = NO;
				SWIFT_VERSION = 5.0;
				TARGETED_DEVICE_FAMILY = "1,2";
				TEST_TARGET_NAME = Hamstargram;
			};
			name = Debug;
		};
		F4B3AEE92B614D6300021362 /* Release */ = {
			isa = XCBuildConfiguration;
			buildSettings = {
				ALWAYS_EMBED_SWIFT_STANDARD_LIBRARIES = YES;
				CODE_SIGN_STYLE = Automatic;
				CURRENT_PROJECT_VERSION = 1;
				GENERATE_INFOPLIST_FILE = YES;
				IPHONEOS_DEPLOYMENT_TARGET = 17.2;
				MACOSX_DEPLOYMENT_TARGET = 14.2;
				MARKETING_VERSION = 1.0;
				PRODUCT_BUNDLE_IDENTIFIER = xxx.demo.HamstargramUITests;
				PRODUCT_NAME = "$(TARGET_NAME)";
				SDKROOT = auto;
				SUPPORTED_PLATFORMS = "iphoneos iphonesimulator macosx";
				SWIFT_EMIT_LOC_STRINGS = NO;
				SWIFT_VERSION = 5.0;
				TARGETED_DEVICE_FAMILY = "1,2";
				TEST_TARGET_NAME = Hamstargram;
			};
			name = Release;
		};
/* End XCBuildConfiguration section */

/* Begin XCConfigurationList section */
		F4B3AEB72B614D6100021362 /* Build configuration list for PBXProject "ahgram" */ = {
			isa = XCConfigurationList;
			buildConfigurations = (
				F4B3AEDF2B614D6300021362 /* Debug */,
				F4B3AEE02B614D6300021362 /* Release */,
			);
			defaultConfigurationIsVisible = 0;
			defaultConfigurationName = Release;
		};
		F4B3AEE12B614D6300021362 /* Build configuration list for PBXNativeTarget "Hamstargram" */ = {
			isa = XCConfigurationList;
			buildConfigurations = (
				F4B3AEE22B614D6300021362 /* Debug */,
				F4B3AEE32B614D6300021362 /* Release */,
			);
			defaultConfigurationIsVisible = 0;
			defaultConfigurationName = Release;
		};
		F4B3AEE42B614D6300021362 /* Build configuration list for PBXNativeTarget "HamstargramTests" */ = {
			isa = XCConfigurationList;
			buildConfigurations = (
				F4B3AEE52B614D6300021362 /* Debug */,
				F4B3AEE62B614D6300021362 /* Release */,
			);
			defaultConfigurationIsVisible = 0;
			defaultConfigurationName = Release;
		};
		F4B3AEE72B614D6300021362 /* Build configuration list for PBXNativeTarget "HamstargramUITests" */ = {
			isa = XCConfigurationList;
			buildConfigurations = (
				F4B3AEE82B614D6300021362 /* Debug */,
				F4B3AEE92B614D6300021362 /* Release */,
			);
			defaultConfigurationIsVisible = 0;
			defaultConfigurationName = Release;
		};
/* End XCConfigurationList section */
	};
	rootObject = F4B3AEB42B614D6100021362 /* Project object */;
}
